lockfileVersion: '9.0'

settings:
  autoInstallPeers: true
  excludeLinksFromLockfile: false

importers:

  .:
    devDependencies:
      '@types/k6':
        specifier: ^1.6.0
        version: 1.6.0
      typescript:
        specifier: ^5.9.3
        version: 5.9.3

packages:

  '@types/k6@1.6.0':
    resolution: {integrity: sha512-koixvaHqP241ymqEEgl068kkXek+LhM5YTjysI1ikKUAnmbIKbt8Lngw3nhMHmg3Cihh7viUP/WCIF+FKi4DYQ==}

  typescript@5.9.3:
    resolution: {integrity: sha512-jl1vZzPDinLr9eUt3J/t7V6FgNEw9QjvBPdysz9KfQDD41fQrC2Y4vKQdiaUpFT4bXlb1RHhLpp8wtm6M5TgSw==}
    engines: {node: '>=14.17'}
    hasBin: true

snapshots:

  '@types/k6@1.6.0': {}

  typescript@5.9.3: {}
